
Microsoft Visual Studio Solution File, Format Version 12.00
# Visual Studio 14
VisualStudioVersion = 14.0.25420.1
MinimumVisualStudioVersion = 10.0.40219.1
Project("{2150E333-8FDC-42A3-9474-1A3956D46DE8}") = "src", "src", "{0B557702-3C09-4514-BDD5-55A44F22113F}"
EndProject
Project("{2150E333-8FDC-42A3-9474-1A3956D46DE8}") = "Solution Items", "Solution Items", "{6B112C76-76CA-4EA1-A6F3-EBB5B113C286}"
	ProjectSection(SolutionItems) = preProject
		global.json = global.json
	EndProjectSection
EndProject
Project("{8BB2217D-0F2D-49D1-97BC-3654ED321F3B}") = "Mongo2Go", "src\Mongo2Go\Mongo2Go.xproj", "{040A1626-1D04-40D6-BCCF-2D207AE648FC}"
EndProject
Project("{8BB2217D-0F2D-49D1-97BC-3654ED321F3B}") = "Mongo2GoTests", "src\Mongo2GoTests\Mongo2GoTests.xproj", "{ADE5A672-6A00-4561-BCC1-E5497016DE24}"
EndProject
Global
	GlobalSection(SolutionConfigurationPlatforms) = preSolution
		Debug|Any CPU = Debug|Any CPU
		Release|Any CPU = Release|Any CPU
	EndGlobalSection
	GlobalSection(ProjectConfigurationPlatforms) = postSolution
		{040A1626-1D04-40D6-BCCF-2D207AE648FC}.Debug|Any CPU.ActiveCfg = Debug|Any CPU
		{040A1626-1D04-40D6-BCCF-2D207AE648FC}.Debug|Any CPU.Build.0 = Debug|Any CPU
		{040A1626-1D04-40D6-BCCF-2D207AE648FC}.Release|Any CPU.ActiveCfg = Release|Any CPU
		{040A1626-1D04-40D6-BCCF-2D207AE648FC}.Release|Any CPU.Build.0 = Release|Any CPU
		{ADE5A672-6A00-4561-BCC1-E5497016DE24}.Debug|Any CPU.ActiveCfg = Debug|Any CPU
		{ADE5A672-6A00-4561-BCC1-E5497016DE24}.Debug|Any CPU.Build.0 = Debug|Any CPU
		{ADE5A672-6A00-4561-BCC1-E5497016DE24}.Release|Any CPU.ActiveCfg = Release|Any CPU
		{ADE5A672-6A00-4561-BCC1-E5497016DE24}.Release|Any CPU.Build.0 = Release|Any CPU
	EndGlobalSection
	GlobalSection(SolutionProperties) = preSolution
		HideSolutionNode = FALSE
	EndGlobalSection
	GlobalSection(NestedProjects) = preSolution
		{040A1626-1D04-40D6-BCCF-2D207AE648FC} = {0B557702-3C09-4514-BDD5-55A44F22113F}
		{ADE5A672-6A00-4561-BCC1-E5497016DE24} = {0B557702-3C09-4514-BDD5-55A44F22113F}
	EndGlobalSection
EndGlobal
